# This file is automatically @generated by Poetry 2.1.1 and should not be changed by hand.

[[package]]
name = "pulp"
version = "3.0.2"
description = "PuLP is an LP modeler written in python. PuLP can generate MPS or LP files and call GLPK, COIN CLP/CBC, CPLEX, and GUROBI to solve linear problems."
optional = false
python-versions = ">=3.7"
groups = ["main"]
files = [
    {file = "PuLP-3.0.2-py3-none-any.whl", hash = "sha256:327ba7a0d33cb7d4330005eed2b58f0d19391ca96d15f6546fe3621eb86ce341"},
    {file = "pulp-3.0.2.tar.gz", hash = "sha256:7e57cd4eb145bdca80214acb07315f03583dd1c00cc8f24f91bf037649f93eb6"},
]

[metadata]
lock-version = "2.1"
python-versions = ">=3.9"
content-hash = "ef867960cdd48244dbb711743a7e216a1f4a2e67be04bc92feb8e41a9aeb6612"
